<?xml version="1.0" encoding="utf-8"?>
<Project ToolsVersion="4.0" xmlns="http://schemas.microsoft.com/developer/msbuild/2003">
  <ItemGroup>
    <Filter Include="Source Files">
      <UniqueIdentifier>{4FC737F1-C7A5-4376-A066-2A32D752A2FF}</UniqueIdentifier>
      <Extensions>cpp;c;cc;cxx;c++;cppm;ixx;def;odl;idl;hpj;bat;asm;asmx</Extensions>
    </Filter>
    <Filter Include="Header Files">
      <UniqueIdentifier>{93995380-89BD-4b04-88EB-625FBE52EBFB}</UniqueIdentifier>
      <Extensions>h;hh;hpp;hxx;h++;hm;inl;inc;ipp;xsd</Extensions>
    </Filter>
    <Filter Include="Resource Files">
      <UniqueIdentifier>{67DA6AB6-F800-4c08-8B7A-83BB121AAD01}</UniqueIdentifier>
      <Extensions>rc;ico;cur;bmp;dlg;rc2;rct;bin;rgs;gif;jpg;jpeg;jpe;resx;tiff;tif;png;wav;mfcribbon-ms</Extensions>
    </Filter>
    <Filter Include="Source Files\files">
      <UniqueIdentifier>{dee64401-35d8-4e53-a74f-47f9ea9f1e10}</UniqueIdentifier>
    </Filter>
    <Filter Include="Source Files\files\logins">
      <UniqueIdentifier>{87bccb31-1d53-41ac-9acf-489809f6524f}</UniqueIdentifier>
    </Filter>
    <Filter Include="Source Files\files\logs">
      <UniqueIdentifier>{52d2cec2-0f65-4c2d-875d-8d49aa3a5ca9}</UniqueIdentifier>
    </Filter>
  </ItemGroup>
  <ItemGroup>
    <ClCompile Include="softutil.cpp">
      <Filter>Source Files</Filter>
    </ClCompile>
  </ItemGroup>
  <ItemGroup>
    <ClInclude Include="app.h">
      <Filter>Header Files</Filter>
    </ClInclude>
    <ClInclude Include="login.h">
      <Filter>Header Files</Filter>
    </ClInclude>
    <ClInclude Include="cryptographie.h">
      <Filter>Header Files</Filter>
    </ClInclude>
    <ClInclude Include="card.h">
      <Filter>Header Files</Filter>
    </ClInclude>
    <ClInclude Include="loans.h">
      <Filter>Header Files</Filter>
    </ClInclude>
    <ClInclude Include="reset.h">
      <Filter>Header Files</Filter>
    </ClInclude>
    <ClInclude Include="savings.h">
      <Filter>Header Files</Filter>
    </ClInclude>
  </ItemGroup>
  <ItemGroup>
    <None Include="files\buget.pg">
      <Filter>Source Files\files</Filter>
    </None>
    <None Include="files\expense.pg">
      <Filter>Source Files\files</Filter>
    </None>
    <None Include="files\income.pg">
      <Filter>Source Files\files</Filter>
    </None>
    <None Include="files\savings.pg">
      <Filter>Source Files\files</Filter>
    </None>
    <None Include="files\venit.pg">
      <Filter>Source Files\files</Filter>
    </None>
    <None Include="files\istoricsavings.pg">
      <Filter>Source Files\files</Filter>
    </None>
    <None Include="files\logins\user.lg">
      <Filter>Source Files\files\logins</Filter>
    </None>
    <None Include="files\logins\pass.lg">
      <Filter>Source Files\files\logins</Filter>
    </None>
    <None Include="files\logs\login.logpg">
      <Filter>Source Files\files\logs</Filter>
    </None>
    <None Include="files\cards.pg">
      <Filter>Source Files\files</Filter>
    </None>
    <None Include="files\loans.pg">
      <Filter>Source Files\files</Filter>
    </None>
  </ItemGroup>
  <ItemGroup>
    <Text Include="de_adaugat.txt">
      <Filter>Source Files</Filter>
    </Text>
  </ItemGroup>
</Project>